# THIS IS AN AUTOGENERATED FILE. DO NOT EDIT THIS FILE DIRECTLY.
# yarn lockfile v1


"@bower_components/angular-route@git://github.com/angular/bower-angular-route.git#~1.4.8":
  version "1.4.14"
  resolved "git://github.com/angular/bower-angular-route.git#785dd6ff64784a33840ab4535503f3f576e78751"

"@bower_components/angular@git://github.com/angular/bower-angular.git#1.4.8":
  version "1.4.8"
  resolved "git://github.com/angular/bower-angular.git#572a4fcc552c27c0f4bb1b9aab395249218c1255"

"@bower_components/bootstrap@git://github.com/twbs/bootstrap.git#~3.3.6":
  version "3.3.7"
  resolved "git://github.com/twbs/bootstrap.git#0b9c4a4007c44201dce9a6cc1a38407005c26c86"

"@bower_components/font-awesome@FortAwesome/Font-Awesome#~4.5.0":
  version "4.5.0"
  resolved "https://codeload.github.com/FortAwesome/Font-Awesome/tar.gz/fddd2c240452e6c8990c4ef75e0265b455aa7968"

"@bower_components/jquery@git://github.com/jquery/jquery-dist.git#~2.1.4":
  version "2.1.4"
  resolved "git://github.com/jquery/jquery-dist.git#7751e69b615c6eca6f783a81e292a55725af6b85"

"@bower_components/metisMenu@git://github.com/onokumus/metisMenu.git#~2.2.0":
  version "2.2.0"
  resolved "git://github.com/onokumus/metisMenu.git#aaa0c7c25eabef21851455cacf2345d07acbe429"

"@bower_components/mocha@git://github.com/mochajs/mocha.git#~1.17.1":
  version "1.17.1"
  resolved "git://github.com/mochajs/mocha.git#7fc565ee3e225cb7a66bf39ae9c2c05b346675c1"
  dependencies:
    commander "2.0.0"
    debug "*"
    diff "1.0.7"
    glob "3.2.3"
    growl "1.7.x"
    jade "0.26.3"
    mkdirp "0.3.5"

"@bower_components/moment@git://github.com/moment/moment.git#~2.11.1":
  version "2.11.2"
  resolved "git://github.com/moment/moment.git#dd9cff0104c0dc3f114f54107397c59920e764cc"

"@bower_components/morris.js@git://github.com/morrisjs/morris.js.git#~0.5.1":
  version "0.5.0"
  resolved "git://github.com/morrisjs/morris.js.git#d5cf1410eda7055eaf2c7d218d4cb24ec5ed55c8"

"@bower_components/raphael@git://github.com/DmitryBaranovskiy/raphael.git#>= 2.0":
  version "2.2.7"
  resolved "git://github.com/DmitryBaranovskiy/raphael.git#c02b9c125d036e42b9bb95d0e401bbf6a5153da5"
  dependencies:
    eve-raphael "0.5.0"

commander@0.6.1:
  version "0.6.1"
  resolved "https://registry.yarnpkg.com/commander/-/commander-0.6.1.tgz#fa68a14f6a945d54dbbe50d8cdb3320e9e3b1a06"

commander@2.0.0:
  version "2.0.0"
  resolved "https://registry.yarnpkg.com/commander/-/commander-2.0.0.tgz#d1b86f901f8b64bd941bdeadaf924530393be928"

debug@*:
  version "3.1.0"
  resolved "https://registry.yarnpkg.com/debug/-/debug-3.1.0.tgz#5bb5a0672628b64149566ba16819e61518c67261"
  dependencies:
    ms "2.0.0"

diff@1.0.7:
  version "1.0.7"
  resolved "https://registry.yarnpkg.com/diff/-/diff-1.0.7.tgz#24bbb001c4a7d5522169e7cabdb2c2814ed91cf4"

eve-raphael@0.5.0:
  version "0.5.0"
  resolved "https://registry.yarnpkg.com/eve-raphael/-/eve-raphael-0.5.0.tgz#17c754b792beef3fa6684d79cf5a47c63c4cda30"

glob@3.2.3:
  version "3.2.3"
  resolved "https://registry.yarnpkg.com/glob/-/glob-3.2.3.tgz#e313eeb249c7affaa5c475286b0e115b59839467"
  dependencies:
    graceful-fs "~2.0.0"
    inherits "2"
    minimatch "~0.2.11"

graceful-fs@~2.0.0:
  version "2.0.3"
  resolved "https://registry.yarnpkg.com/graceful-fs/-/graceful-fs-2.0.3.tgz#7cd2cdb228a4a3f36e95efa6cc142de7d1a136d0"

growl@1.7.x:
  version "1.7.0"
  resolved "https://registry.yarnpkg.com/growl/-/growl-1.7.0.tgz#de2d66136d002e112ba70f3f10c31cf7c350b2da"

inherits@2:
  version "2.0.3"
  resolved "https://registry.yarnpkg.com/inherits/-/inherits-2.0.3.tgz#633c2c83e3da42a502f52466022480f4208261de"

jade@0.26.3:
  version "0.26.3"
  resolved "https://registry.yarnpkg.com/jade/-/jade-0.26.3.tgz#8f10d7977d8d79f2f6ff862a81b0513ccb25686c"
  dependencies:
    commander "0.6.1"
    mkdirp "0.3.0"

lru-cache@2:
  version "2.7.3"
  resolved "https://registry.yarnpkg.com/lru-cache/-/lru-cache-2.7.3.tgz#6d4524e8b955f95d4f5b58851ce21dd72fb4e952"

minimatch@~0.2.11:
  version "0.2.14"
  resolved "https://registry.yarnpkg.com/minimatch/-/minimatch-0.2.14.tgz#c74e780574f63c6f9a090e90efbe6ef53a6a756a"
  dependencies:
    lru-cache "2"
    sigmund "~1.0.0"

mkdirp@0.3.0:
  version "0.3.0"
  resolved "https://registry.yarnpkg.com/mkdirp/-/mkdirp-0.3.0.tgz#1bbf5ab1ba827af23575143490426455f481fe1e"

mkdirp@0.3.5:
  version "0.3.5"
  resolved "https://registry.yarnpkg.com/mkdirp/-/mkdirp-0.3.5.tgz#de3e5f8961c88c787ee1368df849ac4413eca8d7"

ms@2.0.0:
  version "2.0.0"
  resolved "https://registry.yarnpkg.com/ms/-/ms-2.0.0.tgz#5608aeadfc00be6c2901df5f9861788de0d597c8"

sigmund@~1.0.0:
  version "1.0.1"
  resolved "https://registry.yarnpkg.com/sigmund/-/sigmund-1.0.1.tgz#3ff21f198cad2175f9f3b781853fd94d0d19b590"
